
Microsoft Visual Studio Solution File, Format Version 12.00
# Visual Studio Version 16
VisualStudioVersion = 16.0.29911.84
MinimumVisualStudioVersion = 10.0.40219.1
Project("{FAE04EC0-301F-11D3-BF4B-00C04F79EFBC}") = "Openpay.Forms", "Openpay.Forms\Openpay.Forms.csproj", "{AED6EEA2-65E5-4558-8EE9-717813649074}"
EndProject
Global
	GlobalSection(SolutionConfigurationPlatforms) = preSolution
		Debug|Any CPU = Debug|Any CPU
		Release|Any CPU = Release|Any CPU
	EndGlobalSection
	GlobalSection(ProjectConfigurationPlatforms) = postSolution
		{AED6EEA2-65E5-4558-8EE9-717813649074}.Debug|Any CPU.ActiveCfg = Debug|Any CPU
		{AED6EEA2-65E5-4558-8EE9-717813649074}.Debug|Any CPU.Build.0 = Debug|Any CPU
		{AED6EEA2-65E5-4558-8EE9-717813649074}.Release|Any CPU.ActiveCfg = Release|Any CPU
		{AED6EEA2-65E5-4558-8EE9-717813649074}.Release|Any CPU.Build.0 = Release|Any CPU
	EndGlobalSection
	GlobalSection(SolutionProperties) = preSolution
		HideSolutionNode = FALSE
	EndGlobalSection
	GlobalSection(ExtensibilityGlobals) = postSolution
		SolutionGuid = {3C0E250D-2691-48F9-BC46-7BBDE77D5FA2}
	EndGlobalSection
EndGlobal
